
Microsoft Visual Studio Solution File, Format Version 12.00
Project("{FAE04EC0-301F-11D3-BF4B-00C04F79EFBC}") = "GameOfLife", "GameOfLife\GameOfLife.csproj", "{A42BE2BB-508E-4CD9-B0A4-B3B7B38A64EE}"
EndProject
Project("{FAE04EC0-301F-11D3-BF4B-00C04F79EFBC}") = "GameOfLifeEngine", "GameOfLifeEngine\GameOfLifeEngine.csproj", "{9C2B71C3-4383-49C0-825E-9F44BE79DF4B}"
EndProject
Global
	GlobalSection(SolutionConfigurationPlatforms) = preSolution
		Debug|Any CPU = Debug|Any CPU
		Release|Any CPU = Release|Any CPU
	EndGlobalSection
	GlobalSection(ProjectConfigurationPlatforms) = postSolution
		{A42BE2BB-508E-4CD9-B0A4-B3B7B38A64EE}.Debug|Any CPU.ActiveCfg = Debug|Any CPU
		{A42BE2BB-508E-4CD9-B0A4-B3B7B38A64EE}.Debug|Any CPU.Build.0 = Debug|Any CPU
		{A42BE2BB-508E-4CD9-B0A4-B3B7B38A64EE}.Release|Any CPU.ActiveCfg = Release|Any CPU
		{A42BE2BB-508E-4CD9-B0A4-B3B7B38A64EE}.Release|Any CPU.Build.0 = Release|Any CPU
		{9C2B71C3-4383-49C0-825E-9F44BE79DF4B}.Debug|Any CPU.ActiveCfg = Debug|Any CPU
		{9C2B71C3-4383-49C0-825E-9F44BE79DF4B}.Debug|Any CPU.Build.0 = Debug|Any CPU
		{9C2B71C3-4383-49C0-825E-9F44BE79DF4B}.Release|Any CPU.ActiveCfg = Release|Any CPU
		{9C2B71C3-4383-49C0-825E-9F44BE79DF4B}.Release|Any CPU.Build.0 = Release|Any CPU
	EndGlobalSection
EndGlobal
